
Microsoft Visual Studio Solution File, Format Version 12.00
# Visual Studio 2012
Project("{FAE04EC0-301F-11D3-BF4B-00C04F79EFBC}") = "SI2 TP", "SI2 TP\SI2 TP.csproj", "{394562B4-B078-4EC3-B059-28A1767AC7BA}"
EndProject
Global
	GlobalSection(SolutionConfigurationPlatforms) = preSolution
		Debug|Any CPU = Debug|Any CPU
		Release|Any CPU = Release|Any CPU
	EndGlobalSection
	GlobalSection(ProjectConfigurationPlatforms) = postSolution
		{394562B4-B078-4EC3-B059-28A1767AC7BA}.Debug|Any CPU.ActiveCfg = Debug|Any CPU
		{394562B4-B078-4EC3-B059-28A1767AC7BA}.Debug|Any CPU.Build.0 = Debug|Any CPU
		{394562B4-B078-4EC3-B059-28A1767AC7BA}.Release|Any CPU.ActiveCfg = Release|Any CPU
		{394562B4-B078-4EC3-B059-28A1767AC7BA}.Release|Any CPU.Build.0 = Release|Any CPU
	EndGlobalSection
	GlobalSection(SolutionProperties) = preSolution
		HideSolutionNode = FALSE
	EndGlobalSection
EndGlobal
